
Microsoft Visual Studio Solution File, Format Version 11.00
# Visual Studio Version 17

Project("{8BC9CEB8-8B4A-11D0-8D11-00A0C91BC942}") = "mobu - ConsoleApp", "mobu_ConsoleApp.vcxproj", "{A0DFBE34-3CA2-2C04-742B-40BC43E1BC96}"
EndProject
Global
	GlobalSection(SolutionConfigurationPlatforms) = preSolution
		Debug|x64 = Debug|x64
		Release|x64 = Release|x64
	EndGlobalSection
	GlobalSection(ProjectConfigurationPlatforms) = postSolution
		{A0DFBE34-3CA2-2C04-742B-40BC43E1BC96}.Debug|x64.ActiveCfg = Debug|x64
		{A0DFBE34-3CA2-2C04-742B-40BC43E1BC96}.Debug|x64.Build.0 = Debug|x64
		{A0DFBE34-3CA2-2C04-742B-40BC43E1BC96}.Release|x64.ActiveCfg = Release|x64
		{A0DFBE34-3CA2-2C04-742B-40BC43E1BC96}.Release|x64.Build.0 = Release|x64
	EndGlobalSection
	GlobalSection(SolutionProperties) = preSolution
		HideSolutionNode = FALSE
	EndGlobalSection
EndGlobal
